// !$*UTF8*$!
{
	archiveVersion = 1;
	classes = {
	};
	objectVersion = 50;
	objects = {

/* Begin PBXBuildFile section */
		4DC01CE620D3BE7100C3102E /* AppDelegate.swift in Sources */ = {isa = PBXBuildFile; fileRef = 4DC01CE520D3BE7100C3102E /* AppDelegate.swift */; };
		4DC01CE820D3BE7100C3102E /* ViewController.swift in Sources */ = {isa = PBXBuildFile; fileRef = 4DC01CE720D3BE7100C3102E /* ViewController.swift */; };
		4DC01CEB20D3BE7100C3102E /* Main.storyboard in Resources */ = {isa = PBXBuildFile; fileRef = 4DC01CE920D3BE7100C3102E /* Main.storyboard */; };
		4DC01CED20D3BE7500C3102E /* Assets.xcassets in Resources */ = {isa = PBXBuildFile; fileRef = 4DC01CEC20D3BE7500C3102E /* Assets.xcassets */; };
		4DC01CF020D3BE7500C3102E /* LaunchScreen.storyboard in Resources */ = {isa = PBXBuildFile; fileRef = 4DC01CEE20D3BE7500C3102E /* LaunchScreen.storyboard */; };
		4DC01CFB20D3BE7500C3102E /* CustomRotorTableViewNavigationTests.swift in Sources */ = {isa = PBXBuildFile; fileRef = 4DC01CFA20D3BE7500C3102E /* CustomRotorTableViewNavigationTests.swift */; };
		4DC01D0620D3BE7500C3102E /* CustomRotorTableViewNavigationUITests.swift in Sources */ = {isa = PBXBuildFile; fileRef = 4DC01D0520D3BE7500C3102E /* CustomRotorTableViewNavigationUITests.swift */; };
/* End PBXBuildFile section */

/* Begin PBXContainerItemProxy section */
		4DC01CF720D3BE7500C3102E /* PBXContainerItemProxy */ = {
			isa = PBXContainerItemProxy;
			containerPortal = 4DC01CDA20D3BE7100C3102E /* Project object */;
			proxyType = 1;
			remoteGlobalIDString = 4DC01CE120D3BE7100C3102E;
			remoteInfo = CustomRotorTableViewNavigation;
		};
		4DC01D0220D3BE7500C3102E /* PBXContainerItemProxy */ = {
			isa = PBXContainerItemProxy;
			containerPortal = 4DC01CDA20D3BE7100C3102E /* Project object */;
			proxyType = 1;
			remoteGlobalIDString = 4DC01CE120D3BE7100C3102E;
			remoteInfo = CustomRotorTableViewNavigation;
		};
/* End PBXContainerItemProxy section */

/* Begin PBXFileReference section */
		4DC01CE220D3BE7100C3102E /* CustomRotorTableViewNavigation.app */ = {isa = PBXFileReference; explicitFileType = wrapper.application; includeInIndex = 0; path = CustomRotorTableViewNavigation.app; sourceTree = BUILT_PRODUCTS_DIR; };
		4DC01CE520D3BE7100C3102E /* AppDelegate.swift */ = {isa = PBXFileReference; lastKnownFileType = sourcecode.swift; path = AppDelegate.swift; sourceTree = "<group>"; };
		4DC01CE720D3BE7100C3102E /* ViewController.swift */ = {isa = PBXFileReference; lastKnownFileType = sourcecode.swift; path = ViewController.swift; sourceTree = "<group>"; };
		4DC01CEA20D3BE7100C3102E /* Base */ = {isa = PBXFileReference; lastKnownFileType = file.storyboard; name = Base; path = Base.lproj/Main.storyboard; sourceTree = "<group>"; };
		4DC01CEC20D3BE7500C3102E /* Assets.xcassets */ = {isa = PBXFileReference; lastKnownFileType = folder.assetcatalog; path = Assets.xcassets; sourceTree = "<group>"; };
		4DC01CEF20D3BE7500C3102E /* Base */ = {isa = PBXFileReference; lastKnownFileType = file.storyboard; name = Base; path = Base.lproj/LaunchScreen.storyboard; sourceTree = "<group>"; };
		4DC01CF120D3BE7500C3102E /* Info.plist */ = {isa = PBXFileReference; lastKnownFileType = text.plist.xml; path = Info.plist; sourceTree = "<group>"; };
		4DC01CF620D3BE7500C3102E /* CustomRotorTableViewNavigationTests.xctest */ = {isa = PBXFileReference; explicitFileType = wrapper.cfbundle; includeInIndex = 0; path = CustomRotorTableViewNavigationTests.xctest; sourceTree = BUILT_PRODUCTS_DIR; };
		4DC01CFA20D3BE7500C3102E /* CustomRotorTableViewNavigationTests.swift */ = {isa = PBXFileReference; lastKnownFileType = sourcecode.swift; path = CustomRotorTableViewNavigationTests.swift; sourceTree = "<group>"; };
		4DC01CFC20D3BE7500C3102E /* Info.plist */ = {isa = PBXFileReference; lastKnownFileType = text.plist.xml; path = Info.plist; sourceTree = "<group>"; };
		4DC01D0120D3BE7500C3102E /* CustomRotorTableViewNavigationUITests.xctest */ = {isa = PBXFileReference; explicitFileType = wrapper.cfbundle; includeInIndex = 0; path = CustomRotorTableViewNavigationUITests.xctest; sourceTree = BUILT_PRODUCTS_DIR; };
		4DC01D0520D3BE7500C3102E /* CustomRotorTableViewNavigationUITests.swift */ = {isa = PBXFileReference; lastKnownFileType = sourcecode.swift; path = CustomRotorTableViewNavigationUITests.swift; sourceTree = "<group>"; };
		4DC01D0720D3BE7500C3102E /* Info.plist */ = {isa = PBXFileReference; lastKnownFileType = text.plist.xml; path = Info.plist; sourceTree = "<group>"; };
/* End PBXFileReference section */

/* Begin PBXFrameworksBuildPhase section */
		4DC01CDF20D3BE7100C3102E /* Frameworks */ = {
			isa = PBXFrameworksBuildPhase;
			buildActionMask = 2147483647;
			files = (
			);
			runOnlyForDeploymentPostprocessing = 0;
		};
		4DC01CF320D3BE7500C3102E /* Frameworks */ = {
			isa = PBXFrameworksBuildPhase;
			buildActionMask = 2147483647;
			files = (
			);
			runOnlyForDeploymentPostprocessing = 0;
		};
		4DC01CFE20D3BE7500C3102E /* Frameworks */ = {
			isa = PBXFrameworksBuildPhase;
			buildActionMask = 2147483647;
			files = (
			);
			runOnlyForDeploymentPostprocessing = 0;
		};
/* End PBXFrameworksBuildPhase section */

/* Begin PBXGroup section */
		4DC01CD920D3BE7100C3102E = {
			isa = PBXGroup;
			children = (
				4DC01CE420D3BE7100C3102E /* CustomRotorTableViewNavigation */,
				4DC01CF920D3BE7500C3102E /* CustomRotorTableViewNavigationTests */,
				4DC01D0420D3BE7500C3102E /* CustomRotorTableViewNavigationUITests */,
				4DC01CE320D3BE7100C3102E /* Products */,
			);
			sourceTree = "<group>";
		};
		4DC01CE320D3BE7100C3102E /* Products */ = {
			isa = PBXGroup;
			children = (
				4DC01CE220D3BE7100C3102E /* CustomRotorTableViewNavigation.app */,
				4DC01CF620D3BE7500C3102E /* CustomRotorTableViewNavigationTests.xctest */,
				4DC01D0120D3BE7500C3102E /* CustomRotorTableViewNavigationUITests.xctest */,
			);
			name = Products;
			sourceTree = "<group>";
		};
		4DC01CE420D3BE7100C3102E /* CustomRotorTableViewNavigation */ = {
			isa = PBXGroup;
			children = (
				4DC01CE520D3BE7100C3102E /* AppDelegate.swift */,
				4DC01CE720D3BE7100C3102E /* ViewController.swift */,
				4DC01CE920D3BE7100C3102E /* Main.storyboard */,
				4DC01CEC20D3BE7500C3102E /* Assets.xcassets */,
				4DC01CEE20D3BE7500C3102E /* LaunchScreen.storyboard */,
				4DC01CF120D3BE7500C3102E /* Info.plist */,
			);
			path = CustomRotorTableViewNavigation;
			sourceTree = "<group>";
		};
		4DC01CF920D3BE7500C3102E /* CustomRotorTableViewNavigationTests */ = {
			isa = PBXGroup;
			children = (
				4DC01CFA20D3BE7500C3102E /* CustomRotorTableViewNavigationTests.swift */,
				4DC01CFC20D3BE7500C3102E /* Info.plist */,
			);
			path = CustomRotorTableViewNavigationTests;
			sourceTree = "<group>";
		};
		4DC01D0420D3BE7500C3102E /* CustomRotorTableViewNavigationUITests */ = {
			isa = PBXGroup;
			children = (
				4DC01D0520D3BE7500C3102E /* CustomRotorTableViewNavigationUITests.swift */,
				4DC01D0720D3BE7500C3102E /* Info.plist */,
			);
			path = CustomRotorTableViewNavigationUITests;
			sourceTree = "<group>";
		};
/* End PBXGroup section */

/* Begin PBXNativeTarget section */
		4DC01CE120D3BE7100C3102E /* CustomRotorTableViewNavigation */ = {
			isa = PBXNativeTarget;
			buildConfigurationList = 4DC01D0A20D3BE7500C3102E /* Build configuration list for PBXNativeTarget "CustomRotorTableViewNavigation" */;
			buildPhases = (
				4DC01CDE20D3BE7100C3102E /* Sources */,
				4DC01CDF20D3BE7100C3102E /* Frameworks */,
				4DC01CE020D3BE7100C3102E /* Resources */,
			);
			buildRules = (
			);
			dependencies = (
			);
			name = CustomRotorTableViewNavigation;
			productName = CustomRotorTableViewNavigation;
			productReference = 4DC01CE220D3BE7100C3102E /* CustomRotorTableViewNavigation.app */;
			productType = "com.apple.product-type.application";
		};
		4DC01CF520D3BE7500C3102E /* CustomRotorTableViewNavigationTests */ = {
			isa = PBXNativeTarget;
			buildConfigurationList = 4DC01D0D20D3BE7500C3102E /* Build configuration list for PBXNativeTarget "CustomRotorTableViewNavigationTests" */;
			buildPhases = (
				4DC01CF220D3BE7500C3102E /* Sources */,
				4DC01CF320D3BE7500C3102E /* Frameworks */,
				4DC01CF420D3BE7500C3102E /* Resources */,
			);
			buildRules = (
			);
			dependencies = (
				4DC01CF820D3BE7500C3102E /* PBXTargetDependency */,
			);
			name = CustomRotorTableViewNavigationTests;
			productName = CustomRotorTableViewNavigationTests;
			productReference = 4DC01CF620D3BE7500C3102E /* CustomRotorTableViewNavigationTests.xctest */;
			productType = "com.apple.product-type.bundle.unit-test";
		};
		4DC01D0020D3BE7500C3102E /* CustomRotorTableViewNavigationUITests */ = {
			isa = PBXNativeTarget;
			buildConfigurationList = 4DC01D1020D3BE7500C3102E /* Build configuration list for PBXNativeTarget "CustomRotorTableViewNavigationUITests" */;
			buildPhases = (
				4DC01CFD20D3BE7500C3102E /* Sources */,
				4DC01CFE20D3BE7500C3102E /* Frameworks */,
				4DC01CFF20D3BE7500C3102E /* Resources */,
			);
			buildRules = (
			);
			dependencies = (
				4DC01D0320D3BE7500C3102E /* PBXTargetDependency */,
			);
			name = CustomRotorTableViewNavigationUITests;
			productName = CustomRotorTableViewNavigationUITests;
			productReference = 4DC01D0120D3BE7500C3102E /* CustomRotorTableViewNavigationUITests.xctest */;
			productType = "com.apple.product-type.bundle.ui-testing";
		};
/* End PBXNativeTarget section */

/* Begin PBXProject section */
		4DC01CDA20D3BE7100C3102E /* Project object */ = {
			isa = PBXProject;
			attributes = {
				LastSwiftUpdateCheck = 1000;
				LastUpgradeCheck = 1000;
				ORGANIZATIONNAME = ICE;
				TargetAttributes = {
					4DC01CE120D3BE7100C3102E = {
						CreatedOnToolsVersion = 10.0;
					};
					4DC01CF520D3BE7500C3102E = {
						CreatedOnToolsVersion = 10.0;
						TestTargetID = 4DC01CE120D3BE7100C3102E;
					};
					4DC01D0020D3BE7500C3102E = {
						CreatedOnToolsVersion = 10.0;
						TestTargetID = 4DC01CE120D3BE7100C3102E;
					};
				};
			};
			buildConfigurationList = 4DC01CDD20D3BE7100C3102E /* Build configuration list for PBXProject "CustomRotorTableViewNavigation" */;
			compatibilityVersion = "Xcode 9.3";
			developmentRegion = en;
			hasScannedForEncodings = 0;
			knownRegions = (
				en,
				Base,
			);
			mainGroup = 4DC01CD920D3BE7100C3102E;
			productRefGroup = 4DC01CE320D3BE7100C3102E /* Products */;
			projectDirPath = "";
			projectRoot = "";
			targets = (
				4DC01CE120D3BE7100C3102E /* CustomRotorTableViewNavigation */,
				4DC01CF520D3BE7500C3102E /* CustomRotorTableViewNavigationTests */,
				4DC01D0020D3BE7500C3102E /* CustomRotorTableViewNavigationUITests */,
			);
		};
/* End PBXProject section */

/* Begin PBXResourcesBuildPhase section */
		4DC01CE020D3BE7100C3102E /* Resources */ = {
			isa = PBXResourcesBuildPhase;
			buildActionMask = 2147483647;
			files = (
				4DC01CF020D3BE7500C3102E /* LaunchScreen.storyboard in Resources */,
				4DC01CED20D3BE7500C3102E /* Assets.xcassets in Resources */,
				4DC01CEB20D3BE7100C3102E /* Main.storyboard in Resources */,
			);
			runOnlyForDeploymentPostprocessing = 0;
		};
		4DC01CF420D3BE7500C3102E /* Resources */ = {
			isa = PBXResourcesBuildPhase;
			buildActionMask = 2147483647;
			files = (
			);
			runOnlyForDeploymentPostprocessing = 0;
		};
		4DC01CFF20D3BE7500C3102E /* Resources */ = {
			isa = PBXResourcesBuildPhase;
			buildActionMask = 2147483647;
			files = (
			);
			runOnlyForDeploymentPostprocessing = 0;
		};
/* End PBXResourcesBuildPhase section */

/* Begin PBXSourcesBuildPhase section */
		4DC01CDE20D3BE7100C3102E /* Sources */ = {
			isa = PBXSourcesBuildPhase;
			buildActionMask = 2147483647;
			files = (
				4DC01CE820D3BE7100C3102E /* ViewController.swift in Sources */,
				4DC01CE620D3BE7100C3102E /* AppDelegate.swift in Sources */,
			);
			runOnlyForDeploymentPostprocessing = 0;
		};
		4DC01CF220D3BE7500C3102E /* Sources */ = {
			isa = PBXSourcesBuildPhase;
			buildActionMask = 2147483647;
			files = (
				4DC01CFB20D3BE7500C3102E /* CustomRotorTableViewNavigationTests.swift in Sources */,
			);
			runOnlyForDeploymentPostprocessing = 0;
		};
		4DC01CFD20D3BE7500C3102E /* Sources */ = {
			isa = PBXSourcesBuildPhase;
			buildActionMask = 2147483647;
			files = (
				4DC01D0620D3BE7500C3102E /* CustomRotorTableViewNavigationUITests.swift in Sources */,
			);
			runOnlyForDeploymentPostprocessing = 0;
		};
/* End PBXSourcesBuildPhase section */

/* Begin PBXTargetDependency section */
		4DC01CF820D3BE7500C3102E /* PBXTargetDependency */ = {
			isa = PBXTargetDependency;
			target = 4DC01CE120D3BE7100C3102E /* CustomRotorTableViewNavigation */;
			targetProxy = 4DC01CF720D3BE7500C3102E /* PBXContainerItemProxy */;
		};
		4DC01D0320D3BE7500C3102E /* PBXTargetDependency */ = {
			isa = PBXTargetDependency;
			target = 4DC01CE120D3BE7100C3102E /* CustomRotorTableViewNavigation */;
			targetProxy = 4DC01D0220D3BE7500C3102E /* PBXContainerItemProxy */;
		};
/* End PBXTargetDependency section */

/* Begin PBXVariantGroup section */
		4DC01CE920D3BE7100C3102E /* Main.storyboard */ = {
			isa = PBXVariantGroup;
			children = (
				4DC01CEA20D3BE7100C3102E /* Base */,
			);
			name = Main.storyboard;
			sourceTree = "<group>";
		};
		4DC01CEE20D3BE7500C3102E /* LaunchScreen.storyboard */ = {
			isa = PBXVariantGroup;
			children = (
				4DC01CEF20D3BE7500C3102E /* Base */,
			);
			name = LaunchScreen.storyboard;
			sourceTree = "<group>";
		};
/* End PBXVariantGroup section */

/* Begin XCBuildConfiguration section */
		4DC01D0820D3BE7500C3102E /* Debug */ = {
			isa = XCBuildConfiguration;
			buildSettings = {
				ALWAYS_SEARCH_USER_PATHS = NO;
				CLANG_ANALYZER_NONNULL = YES;
				CLANG_ANALYZER_NUMBER_OBJECT_CONVERSION = YES_AGGRESSIVE;
				CLANG_CXX_LANGUAGE_STANDARD = "gnu++14";
				CLANG_CXX_LIBRARY = "libc++";
				CLANG_ENABLE_MODULES = YES;
				CLANG_ENABLE_OBJC_ARC = YES;
				CLANG_ENABLE_OBJC_WEAK = YES;
				CLANG_WARN_BLOCK_CAPTURE_AUTORELEASING = YES;
				CLANG_WARN_BOOL_CONVERSION = YES;
				CLANG_WARN_COMMA = YES;
				CLANG_WARN_CONSTANT_CONVERSION = YES;
				CLANG_WARN_DEPRECATED_OBJC_IMPLEMENTATIONS = YES;
				CLANG_WARN_DIRECT_OBJC_ISA_USAGE = YES_ERROR;
				CLANG_WARN_DOCUMENTATION_COMMENTS = YES;
				CLANG_WARN_EMPTY_BODY = YES;
				CLANG_WARN_ENUM_CONVERSION = YES;
				CLANG_WARN_INFINITE_RECURSION = YES;
				CLANG_WARN_INT_CONVERSION = YES;
				CLANG_WARN_NON_LITERAL_NULL_CONVERSION = YES;
				CLANG_WARN_OBJC_IMPLICIT_RETAIN_SELF = YES;
				CLANG_WARN_OBJC_LITERAL_CONVERSION = YES;
				CLANG_WARN_OBJC_ROOT_CLASS = YES_ERROR;
				CLANG_WARN_RANGE_LOOP_ANALYSIS = YES;
				CLANG_WARN_STRICT_PROTOTYPES = YES;
				CLANG_WARN_SUSPICIOUS_MOVE = YES;
				CLANG_WARN_UNGUARDED_AVAILABILITY = YES_AGGRESSIVE;
				CLANG_WARN_UNREACHABLE_CODE = YES;
				CLANG_WARN__DUPLICATE_METHOD_MATCH = YES;
				CODE_SIGN_IDENTITY = "iPhone Developer";
				COPY_PHASE_STRIP = NO;
				DEBUG_INFORMATION_FORMAT = dwarf;
				ENABLE_STRICT_OBJC_MSGSEND = YES;
				ENABLE_TESTABILITY = YES;
				GCC_C_LANGUAGE_STANDARD = gnu11;
				GCC_DYNAMIC_NO_PIC = NO;
				GCC_NO_COMMON_BLOCKS = YES;
				GCC_OPTIMIZATION_LEVEL = 0;
				GCC_PREPROCESSOR_DEFINITIONS = (
					"DEBUG=1",
					"$(inherited)",
				);
				GCC_WARN_64_TO_32_BIT_CONVERSION = YES;
				GCC_WARN_ABOUT_RETURN_TYPE = YES_ERROR;
				GCC_WARN_UNDECLARED_SELECTOR = YES;
				GCC_WARN_UNINITIALIZED_AUTOS = YES_AGGRESSIVE;
				GCC_WARN_UNUSED_FUNCTION = YES;
				GCC_WARN_UNUSED_VARIABLE = YES;
				IPHONEOS_DEPLOYMENT_TARGET = 12.0;
				MTL_ENABLE_DEBUG_INFO = INCLUDE_SOURCE;
				ONLY_ACTIVE_ARCH = YES;
				SDKROOT = iphoneos;
				SWIFT_ACTIVE_COMPILATION_CONDITIONS = DEBUG;
				SWIFT_OPTIMIZATION_LEVEL = "-Onone";
			};
			name = Debug;
		};
		4DC01D0920D3BE7500C3102E /* Release */ = {
			isa = XCBuildConfiguration;
			buildSettings = {
				ALWAYS_SEARCH_USER_PATHS = NO;
				CLANG_ANALYZER_NONNULL = YES;
				CLANG_ANALYZER_NUMBER_OBJECT_CONVERSION = YES_AGGRESSIVE;
				CLANG_CXX_LANGUAGE_STANDARD = "gnu++14";
				CLANG_CXX_LIBRARY = "libc++";
				CLANG_ENABLE_MODULES = YES;
				CLANG_ENABLE_OBJC_ARC = YES;
				CLANG_ENABLE_OBJC_WEAK = YES;
				CLANG_WARN_BLOCK_CAPTURE_AUTORELEASING = YES;
				CLANG_WARN_BOOL_CONVERSION = YES;
				CLANG_WARN_COMMA = YES;
				CLANG_WARN_CONSTANT_CONVERSION = YES;
				CLANG_WARN_DEPRECATED_OBJC_IMPLEMENTATIONS = YES;
				CLANG_WARN_DIRECT_OBJC_ISA_USAGE = YES_ERROR;
				CLANG_WARN_DOCUMENTATION_COMMENTS = YES;
				CLANG_WARN_EMPTY_BODY = YES;
				CLANG_WARN_ENUM_CONVERSION = YES;
				CLANG_WARN_INFINITE_RECURSION = YES;
				CLANG_WARN_INT_CONVERSION = YES;
				CLANG_WARN_NON_LITERAL_NULL_CONVERSION = YES;
				CLANG_WARN_OBJC_IMPLICIT_RETAIN_SELF = YES;
				CLANG_WARN_OBJC_LITERAL_CONVERSION = YES;
				CLANG_WARN_OBJC_ROOT_CLASS = YES_ERROR;
				CLANG_WARN_RANGE_LOOP_ANALYSIS = YES;
				CLANG_WARN_STRICT_PROTOTYPES = YES;
				CLANG_WARN_SUSPICIOUS_MOVE = YES;
				CLANG_WARN_UNGUARDED_AVAILABILITY = YES_AGGRESSIVE;
				CLANG_WARN_UNREACHABLE_CODE = YES;
				CLANG_WARN__DUPLICATE_METHOD_MATCH = YES;
				CODE_SIGN_IDENTITY = "iPhone Developer";
				COPY_PHASE_STRIP = NO;
				DEBUG_INFORMATION_FORMAT = "dwarf-with-dsym";
				ENABLE_NS_ASSERTIONS = NO;
				ENABLE_STRICT_OBJC_MSGSEND = YES;
				GCC_C_LANGUAGE_STANDARD = gnu11;
				GCC_NO_COMMON_BLOCKS = YES;
				GCC_WARN_64_TO_32_BIT_CONVERSION = YES;
				GCC_WARN_ABOUT_RETURN_TYPE = YES_ERROR;
				GCC_WARN_UNDECLARED_SELECTOR = YES;
				GCC_WARN_UNINITIALIZED_AUTOS = YES_AGGRESSIVE;
				GCC_WARN_UNUSED_FUNCTION = YES;
				GCC_WARN_UNUSED_VARIABLE = YES;
				IPHONEOS_DEPLOYMENT_TARGET = 12.0;
				MTL_ENABLE_DEBUG_INFO = NO;
				SDKROOT = iphoneos;
				SWIFT_COMPILATION_MODE = wholemodule;
				SWIFT_OPTIMIZATION_LEVEL = "-O";
				VALIDATE_PRODUCT = YES;
			};
			name = Release;
		};
		4DC01D0B20D3BE7500C3102E /* Debug */ = {
			isa = XCBuildConfiguration;
			buildSettings = {
				ASSETCATALOG_COMPILER_APPICON_NAME = AppIcon;
				CODE_SIGN_STYLE = Automatic;
				DEVELOPMENT_TEAM = Y58ZM8J3EF;
				INFOPLIST_FILE = CustomRotorTableViewNavigation/Info.plist;
				LD_RUNPATH_SEARCH_PATHS = (
					"$(inherited)",
					"@executable_path/Frameworks",
				);
				PRODUCT_BUNDLE_IDENTIFIER = space.madnik.CustomRotorTableViewNavigation;
				PRODUCT_NAME = "$(TARGET_NAME)";
				SWIFT_VERSION = 4.2;
				TARGETED_DEVICE_FAMILY = "1,2";
			};
			name = Debug;
		};
		4DC01D0C20D3BE7500C3102E /* Release */ = {
			isa = XCBuildConfiguration;
			buildSettings = {
				ASSETCATALOG_COMPILER_APPICON_NAME = AppIcon;
				CODE_SIGN_STYLE = Automatic;
				DEVELOPMENT_TEAM = Y58ZM8J3EF;
				INFOPLIST_FILE = CustomRotorTableViewNavigation/Info.plist;
				LD_RUNPATH_SEARCH_PATHS = (
					"$(inherited)",
					"@executable_path/Frameworks",
				);
				PRODUCT_BUNDLE_IDENTIFIER = space.madnik.CustomRotorTableViewNavigation;
				PRODUCT_NAME = "$(TARGET_NAME)";
				SWIFT_VERSION = 4.2;
				TARGETED_DEVICE_FAMILY = "1,2";
			};
			name = Release;
		};
		4DC01D0E20D3BE7500C3102E /* Debug */ = {
			isa = XCBuildConfiguration;
			buildSettings = {
				ALWAYS_EMBED_SWIFT_STANDARD_LIBRARIES = YES;
				BUNDLE_LOADER = "$(TEST_HOST)";
				CODE_SIGN_STYLE = Automatic;
				DEVELOPMENT_TEAM = Y58ZM8J3EF;
				INFOPLIST_FILE = CustomRotorTableViewNavigationTests/Info.plist;
				LD_RUNPATH_SEARCH_PATHS = (
					"$(inherited)",
					"@executable_path/Frameworks",
					"@loader_path/Frameworks",
				);
				PRODUCT_BUNDLE_IDENTIFIER = space.madnik.CustomRotorTableViewNavigationTests;
				PRODUCT_NAME = "$(TARGET_NAME)";
				SWIFT_VERSION = 4.2;
				TARGETED_DEVICE_FAMILY = "1,2";
				TEST_HOST = "$(BUILT_PRODUCTS_DIR)/CustomRotorTableViewNavigation.app/CustomRotorTableViewNavigation";
			};
			name = Debug;
		};
		4DC01D0F20D3BE7500C3102E /* Release */ = {
			isa = XCBuildConfiguration;
			buildSettings = {
				ALWAYS_EMBED_SWIFT_STANDARD_LIBRARIES = YES;
				BUNDLE_LOADER = "$(TEST_HOST)";
				CODE_SIGN_STYLE = Automatic;
				DEVELOPMENT_TEAM = Y58ZM8J3EF;
				INFOPLIST_FILE = CustomRotorTableViewNavigationTests/Info.plist;
				LD_RUNPATH_SEARCH_PATHS = (
					"$(inherited)",
					"@executable_path/Frameworks",
					"@loader_path/Frameworks",
				);
				PRODUCT_BUNDLE_IDENTIFIER = space.madnik.CustomRotorTableViewNavigationTests;
				PRODUCT_NAME = "$(TARGET_NAME)";
				SWIFT_VERSION = 4.2;
				TARGETED_DEVICE_FAMILY = "1,2";
				TEST_HOST = "$(BUILT_PRODUCTS_DIR)/CustomRotorTableViewNavigation.app/CustomRotorTableViewNavigation";
			};
			name = Release;
		};
		4DC01D1120D3BE7500C3102E /* Debug */ = {
			isa = XCBuildConfiguration;
			buildSettings = {
				ALWAYS_EMBED_SWIFT_STANDARD_LIBRARIES = YES;
				CODE_SIGN_STYLE = Automatic;
				DEVELOPMENT_TEAM = Y58ZM8J3EF;
				INFOPLIST_FILE = CustomRotorTableViewNavigationUITests/Info.plist;
				LD_RUNPATH_SEARCH_PATHS = (
					"$(inherited)",
					"@executable_path/Frameworks",
					"@loader_path/Frameworks",
				);
				PRODUCT_BUNDLE_IDENTIFIER = space.madnik.CustomRotorTableViewNavigationUITests;
				PRODUCT_NAME = "$(TARGET_NAME)";
				SWIFT_VERSION = 4.2;
				TARGETED_DEVICE_FAMILY = "1,2";
				TEST_TARGET_NAME = CustomRotorTableViewNavigation;
			};
			name = Debug;
		};
		4DC01D1220D3BE7500C3102E /* Release */ = {
			isa = XCBuildConfiguration;
			buildSettings = {
				ALWAYS_EMBED_SWIFT_STANDARD_LIBRARIES = YES;
				CODE_SIGN_STYLE = Automatic;
				DEVELOPMENT_TEAM = Y58ZM8J3EF;
				INFOPLIST_FILE = CustomRotorTableViewNavigationUITests/Info.plist;
				LD_RUNPATH_SEARCH_PATHS = (
					"$(inherited)",
					"@executable_path/Frameworks",
					"@loader_path/Frameworks",
				);
				PRODUCT_BUNDLE_IDENTIFIER = space.madnik.CustomRotorTableViewNavigationUITests;
				PRODUCT_NAME = "$(TARGET_NAME)";
				SWIFT_VERSION = 4.2;
				TARGETED_DEVICE_FAMILY = "1,2";
				TEST_TARGET_NAME = CustomRotorTableViewNavigation;
			};
			name = Release;
		};
/* End XCBuildConfiguration section */

/* Begin XCConfigurationList section */
		4DC01CDD20D3BE7100C3102E /* Build configuration list for PBXProject "CustomRotorTableViewNavigation" */ = {
			isa = XCConfigurationList;
			buildConfigurations = (
				4DC01D0820D3BE7500C3102E /* Debug */,
				4DC01D0920D3BE7500C3102E /* Release */,
			);
			defaultConfigurationIsVisible = 0;
			defaultConfigurationName = Release;
		};
		4DC01D0A20D3BE7500C3102E /* Build configuration list for PBXNativeTarget "CustomRotorTableViewNavigation" */ = {
			isa = XCConfigurationList;
			buildConfigurations = (
				4DC01D0B20D3BE7500C3102E /* Debug */,
				4DC01D0C20D3BE7500C3102E /* Release */,
			);
			defaultConfigurationIsVisible = 0;
			defaultConfigurationName = Release;
		};
		4DC01D0D20D3BE7500C3102E /* Build configuration list for PBXNativeTarget "CustomRotorTableViewNavigationTests" */ = {
			isa = XCConfigurationList;
			buildConfigurations = (
				4DC01D0E20D3BE7500C3102E /* Debug */,
				4DC01D0F20D3BE7500C3102E /* Release */,
			);
			defaultConfigurationIsVisible = 0;
			defaultConfigurationName = Release;
		};
		4DC01D1020D3BE7500C3102E /* Build configuration list for PBXNativeTarget "CustomRotorTableViewNavigationUITests" */ = {
			isa = XCConfigurationList;
			buildConfigurations = (
				4DC01D1120D3BE7500C3102E /* Debug */,
				4DC01D1220D3BE7500C3102E /* Release */,
			);
			defaultConfigurationIsVisible = 0;
			defaultConfigurationName = Release;
		};
/* End XCConfigurationList section */
	};
	rootObject = 4DC01CDA20D3BE7100C3102E /* Project object */;
}
